
Microsoft Visual Studio Solution File, Format Version 12.00
# Visual Studio Version 17
VisualStudioVersion = 17.1.32328.378
MinimumVisualStudioVersion = 10.0.40219.1
Project("{FAE04EC0-301F-11D3-BF4B-00C04F79EFBC}") = "DoAnTotNghiep", "DoAnTotNghiep\DoAnTotNghiep.csproj", "{A5BFFFA2-FD9C-4168-B437-C1DAFE45D775}"
EndProject
Global
	GlobalSection(SolutionConfigurationPlatforms) = preSolution
		Debug|Any CPU = Debug|Any CPU
		Release|Any CPU = Release|Any CPU
	EndGlobalSection
	GlobalSection(ProjectConfigurationPlatforms) = postSolution
		{A5BFFFA2-FD9C-4168-B437-C1DAFE45D775}.Debug|Any CPU.ActiveCfg = Debug|Any CPU
		{A5BFFFA2-FD9C-4168-B437-C1DAFE45D775}.Debug|Any CPU.Build.0 = Debug|Any CPU
		{A5BFFFA2-FD9C-4168-B437-C1DAFE45D775}.Release|Any CPU.ActiveCfg = Release|Any CPU
		{A5BFFFA2-FD9C-4168-B437-C1DAFE45D775}.Release|Any CPU.Build.0 = Release|Any CPU
	EndGlobalSection
	GlobalSection(SolutionProperties) = preSolution
		HideSolutionNode = FALSE
	EndGlobalSection
	GlobalSection(ExtensibilityGlobals) = postSolution
		SolutionGuid = {FE0680CD-DCB6-49B6-B33D-57F600F2E5D3}
	EndGlobalSection
EndGlobal
